{
  "version": 4,
  "terraform_version": "1.12.2",
  "serial": 19,
  "lineage": "5c0bfd9b-a454-a924-c1f4-be05a464879f",
  "outputs": {},
  "resources": [
    {
      "mode": "managed",
      "type": "azurerm_network_security_group",
      "name": "ca-DevOpsUA5-nsg",
      "provider": "provider[\"registry.terraform.io/hashicorp/azurerm\"]",
      "instances": [
        {
          "schema_version": 0,
          "attributes": {
            "id": "/subscriptions/d70ff514-57bb-4510-97db-d61cde90fc4f/resourceGroups/ca-terra-DevOpsUA5-rg/providers/Microsoft.Network/networkSecurityGroups/ca-terra-DevOpsUA5-group",
            "location": "eastus",
            "name": "ca-terra-DevOpsUA5-group",
            "resource_group_name": "ca-terra-DevOpsUA5-rg",
            "security_rule": [
              {
                "access": "Allow",
                "description": "",
                "destination_address_prefix": "*",
                "destination_address_prefixes": [],
                "destination_application_security_group_ids": [],
                "destination_port_range": "22",
                "destination_port_ranges": [],
                "direction": "Inbound",
                "name": "SSH-Access",
                "priority": 100,
                "protocol": "Tcp",
                "source_address_prefix": "*",
                "source_address_prefixes": [],
                "source_application_security_group_ids": [],
                "source_port_range": "*",
                "source_port_ranges": []
              }
            ],
            "tags": {},
            "timeouts": null
          },
          "sensitive_attributes": [],
          "identity_schema_version": 0,
          "private": "eyJlMmJmYjczMC1lY2FhLTExZTYtOGY4OC0zNDM2M2JjN2M0YzAiOnsiY3JlYXRlIjoxODAwMDAwMDAwMDAwLCJkZWxldGUiOjE4MDAwMDAwMDAwMDAsInJlYWQiOjMwMDAwMDAwMDAwMCwidXBkYXRlIjoxODAwMDAwMDAwMDAwfX0=",
          "dependencies": [
            "azurerm_resource_group.ca-DevOpsUA5"
          ]
        }
      ]
    },
    {
      "mode": "managed",
      "type": "azurerm_resource_group",
      "name": "ca-DevOpsUA5",
      "provider": "provider[\"registry.terraform.io/hashicorp/azurerm\"]",
      "instances": [
        {
          "schema_version": 0,
          "attributes": {
            "id": "/subscriptions/d70ff514-57bb-4510-97db-d61cde90fc4f/resourceGroups/ca-terra-DevOpsUA5-rg",
            "location": "eastus",
            "managed_by": "",
            "name": "ca-terra-DevOpsUA5-rg",
            "tags": {},
            "timeouts": null
          },
          "sensitive_attributes": [],
          "identity_schema_version": 0,
          "private": "eyJlMmJmYjczMC1lY2FhLTExZTYtOGY4OC0zNDM2M2JjN2M0YzAiOnsiY3JlYXRlIjo1NDAwMDAwMDAwMDAwLCJkZWxldGUiOjU0MDAwMDAwMDAwMDAsInJlYWQiOjMwMDAwMDAwMDAwMCwidXBkYXRlIjo1NDAwMDAwMDAwMDAwfX0="
        }
      ]
    },
    {
      "mode": "managed",
      "type": "azurerm_subnet",
      "name": "ca-DevOpsUA5-internal-subnet",
      "provider": "provider[\"registry.terraform.io/hashicorp/azurerm\"]",
      "instances": [
        {
          "schema_version": 0,
          "attributes": {
            "address_prefixes": [
              "10.0.5.0/24"
            ],
            "default_outbound_access_enabled": true,
            "delegation": [],
            "id": "/subscriptions/d70ff514-57bb-4510-97db-d61cde90fc4f/resourceGroups/ca-terra-DevOpsUA5-rg/providers/Microsoft.Network/virtualNetworks/ca-DevOpsUA5-network/subnets/ca-DevOpsUA5-internal-subnet",
            "name": "ca-DevOpsUA5-internal-subnet",
            "private_endpoint_network_policies": "Disabled",
            "private_link_service_network_policies_enabled": true,
            "resource_group_name": "ca-terra-DevOpsUA5-rg",
            "service_endpoint_policy_ids": null,
            "service_endpoints": null,
            "timeouts": null,
            "virtual_network_name": "ca-DevOpsUA5-network"
          },
          "sensitive_attributes": [],
          "identity_schema_version": 0,
          "private": "eyJlMmJmYjczMC1lY2FhLTExZTYtOGY4OC0zNDM2M2JjN2M0YzAiOnsiY3JlYXRlIjoxODAwMDAwMDAwMDAwLCJkZWxldGUiOjE4MDAwMDAwMDAwMDAsInJlYWQiOjMwMDAwMDAwMDAwMCwidXBkYXRlIjoxODAwMDAwMDAwMDAwfX0=",
          "dependencies": [
            "azurerm_resource_group.ca-DevOpsUA5",
            "azurerm_virtual_network.ca-DevOpsUA5-network"
          ]
        }
      ]
    },
    {
      "mode": "managed",
      "type": "azurerm_virtual_network",
      "name": "ca-DevOpsUA5-network",
      "provider": "provider[\"registry.terraform.io/hashicorp/azurerm\"]",
      "instances": [
        {
          "schema_version": 0,
          "attributes": {
            "address_space": [
              "10.0.0.0/16"
            ],
            "bgp_community": "",
            "ddos_protection_plan": [],
            "dns_servers": [
              "10.0.0.4",
              "10.0.0.5"
            ],
            "edge_zone": "",
            "encryption": [],
            "flow_timeout_in_minutes": 0,
            "guid": "fcfd4f15-b5d1-4e31-92af-57fa42effea6",
            "id": "/subscriptions/d70ff514-57bb-4510-97db-d61cde90fc4f/resourceGroups/ca-terra-DevOpsUA5-rg/providers/Microsoft.Network/virtualNetworks/ca-DevOpsUA5-network",
            "ip_address_pool": [],
            "location": "eastus",
            "name": "ca-DevOpsUA5-network",
            "private_endpoint_vnet_policies": "Disabled",
            "resource_group_name": "ca-terra-DevOpsUA5-rg",
            "subnet": [
              {
                "address_prefixes": [
                  "10.0.2.0/24"
                ],
                "default_outbound_access_enabled": true,
                "delegation": [],
                "id": "/subscriptions/d70ff514-57bb-4510-97db-d61cde90fc4f/resourceGroups/ca-terra-DevOpsUA5-rg/providers/Microsoft.Network/virtualNetworks/ca-DevOpsUA5-network/subnets/subnet2",
                "name": "subnet2",
                "private_endpoint_network_policies": "Disabled",
                "private_link_service_network_policies_enabled": true,
                "route_table_id": "",
                "security_group": "/subscriptions/d70ff514-57bb-4510-97db-d61cde90fc4f/resourceGroups/ca-terra-DevOpsUA5-rg/providers/Microsoft.Network/networkSecurityGroups/ca-terra-DevOpsUA5-group",
                "service_endpoint_policy_ids": [],
                "service_endpoints": []
              }
            ],
            "tags": {
              "environment": "Production"
            },
            "timeouts": null
          },
          "sensitive_attributes": [],
          "identity_schema_version": 0,
          "private": "eyJlMmJmYjczMC1lY2FhLTExZTYtOGY4OC0zNDM2M2JjN2M0YzAiOnsiY3JlYXRlIjoxODAwMDAwMDAwMDAwLCJkZWxldGUiOjE4MDAwMDAwMDAwMDAsInJlYWQiOjMwMDAwMDAwMDAwMCwidXBkYXRlIjoxODAwMDAwMDAwMDAwfX0=",
          "dependencies": [
            "azurerm_resource_group.ca-DevOpsUA5"
          ]
        }
      ]
    }
  ],
  "check_results": null
}
